
Microsoft Visual Studio Solution File, Format Version 12.00
# Visual Studio 15
VisualStudioVersion = 15.0.26228.9
MinimumVisualStudioVersion = 10.0.40219.1
Project("{FAE04EC0-301F-11D3-BF4B-00C04F79EFBC}") = "Patchization", "Patchization\Patchization.csproj", "{E067AB4F-A2FE-4F0A-B4C7-53F8843D05A1}"
EndProject
Project("{FAE04EC0-301F-11D3-BF4B-00C04F79EFBC}") = "UnitTests", "UnitTests\UnitTests.csproj", "{D9923D50-6F9D-4747-BC05-7A51E15403BA}"
EndProject
Project("{2150E333-8FDC-42A3-9474-1A3956D46DE8}") = "TaskEngine", "TaskEngine", "{BDC59F1D-238E-4243-8EF6-9AFFCF5A0571}"
EndProject
Project("{FAE04EC0-301F-11D3-BF4B-00C04F79EFBC}") = "TaskEngine", "TaskEngine\TaskEngine\TaskEngine.csproj", "{FCF87187-E5BC-461D-8D3E-EF9AD4B55599}"
EndProject
Global
	GlobalSection(SolutionConfigurationPlatforms) = preSolution
		Debug|Any CPU = Debug|Any CPU
		Release|Any CPU = Release|Any CPU
	EndGlobalSection
	GlobalSection(ProjectConfigurationPlatforms) = postSolution
		{E067AB4F-A2FE-4F0A-B4C7-53F8843D05A1}.Debug|Any CPU.ActiveCfg = Debug|Any CPU
		{E067AB4F-A2FE-4F0A-B4C7-53F8843D05A1}.Debug|Any CPU.Build.0 = Debug|Any CPU
		{E067AB4F-A2FE-4F0A-B4C7-53F8843D05A1}.Release|Any CPU.ActiveCfg = Release|Any CPU
		{E067AB4F-A2FE-4F0A-B4C7-53F8843D05A1}.Release|Any CPU.Build.0 = Release|Any CPU
		{D9923D50-6F9D-4747-BC05-7A51E15403BA}.Debug|Any CPU.ActiveCfg = Debug|Any CPU
		{D9923D50-6F9D-4747-BC05-7A51E15403BA}.Debug|Any CPU.Build.0 = Debug|Any CPU
		{D9923D50-6F9D-4747-BC05-7A51E15403BA}.Release|Any CPU.ActiveCfg = Release|Any CPU
		{D9923D50-6F9D-4747-BC05-7A51E15403BA}.Release|Any CPU.Build.0 = Release|Any CPU
		{FCF87187-E5BC-461D-8D3E-EF9AD4B55599}.Debug|Any CPU.ActiveCfg = Debug|Any CPU
		{FCF87187-E5BC-461D-8D3E-EF9AD4B55599}.Debug|Any CPU.Build.0 = Debug|Any CPU
		{FCF87187-E5BC-461D-8D3E-EF9AD4B55599}.Release|Any CPU.ActiveCfg = Release|Any CPU
		{FCF87187-E5BC-461D-8D3E-EF9AD4B55599}.Release|Any CPU.Build.0 = Release|Any CPU
	EndGlobalSection
	GlobalSection(SolutionProperties) = preSolution
		HideSolutionNode = FALSE
	EndGlobalSection
	GlobalSection(NestedProjects) = preSolution
		{FCF87187-E5BC-461D-8D3E-EF9AD4B55599} = {BDC59F1D-238E-4243-8EF6-9AFFCF5A0571}
	EndGlobalSection
EndGlobal
